
Microsoft Visual Studio Solution File, Format Version 12.00
# Visual Studio Version 16
VisualStudioVersion = 16.0.30225.117
MinimumVisualStudioVersion = 10.0.40219.1
Project("{FAE04EC0-301F-11D3-BF4B-00C04F79EFBC}") = "lab2", "lab2\lab2.csproj", "{FC6BF3EA-022B-4060-904B-A3CC17CE60E8}"
EndProject
Project("{FAE04EC0-301F-11D3-BF4B-00C04F79EFBC}") = "Client", "Client\Client.csproj", "{9767F548-083B-4134-8FB9-BE95DCA71FB6}"
EndProject
Global
	GlobalSection(SolutionConfigurationPlatforms) = preSolution
		Debug|Any CPU = Debug|Any CPU
		Release|Any CPU = Release|Any CPU
	EndGlobalSection
	GlobalSection(ProjectConfigurationPlatforms) = postSolution
		{FC6BF3EA-022B-4060-904B-A3CC17CE60E8}.Debug|Any CPU.ActiveCfg = Debug|Any CPU
		{FC6BF3EA-022B-4060-904B-A3CC17CE60E8}.Debug|Any CPU.Build.0 = Debug|Any CPU
		{FC6BF3EA-022B-4060-904B-A3CC17CE60E8}.Release|Any CPU.ActiveCfg = Release|Any CPU
		{FC6BF3EA-022B-4060-904B-A3CC17CE60E8}.Release|Any CPU.Build.0 = Release|Any CPU
		{9767F548-083B-4134-8FB9-BE95DCA71FB6}.Debug|Any CPU.ActiveCfg = Debug|Any CPU
		{9767F548-083B-4134-8FB9-BE95DCA71FB6}.Debug|Any CPU.Build.0 = Debug|Any CPU
		{9767F548-083B-4134-8FB9-BE95DCA71FB6}.Release|Any CPU.ActiveCfg = Release|Any CPU
		{9767F548-083B-4134-8FB9-BE95DCA71FB6}.Release|Any CPU.Build.0 = Release|Any CPU
	EndGlobalSection
	GlobalSection(SolutionProperties) = preSolution
		HideSolutionNode = FALSE
	EndGlobalSection
	GlobalSection(ExtensibilityGlobals) = postSolution
		SolutionGuid = {0B978083-BA9A-4E46-8791-1834109B3AFA}
	EndGlobalSection
EndGlobal
